
Microsoft Visual Studio Solution File, Format Version 12.00
# Visual Studio 15
VisualStudioVersion = 15.0.28010.2003
MinimumVisualStudioVersion = 10.0.40219.1
Project("{FAE04EC0-301F-11D3-BF4B-00C04F79EFBC}") = "FunWithMath", "FunWithMath\FunWithMath.csproj", "{B17FBF0E-8568-4182-8A53-8E89B3CB194A}"
EndProject
Global
	GlobalSection(SolutionConfigurationPlatforms) = preSolution
		Debug|Any CPU = Debug|Any CPU
		Release|Any CPU = Release|Any CPU
	EndGlobalSection
	GlobalSection(ProjectConfigurationPlatforms) = postSolution
		{B17FBF0E-8568-4182-8A53-8E89B3CB194A}.Debug|Any CPU.ActiveCfg = Debug|Any CPU
		{B17FBF0E-8568-4182-8A53-8E89B3CB194A}.Debug|Any CPU.Build.0 = Debug|Any CPU
		{B17FBF0E-8568-4182-8A53-8E89B3CB194A}.Release|Any CPU.ActiveCfg = Release|Any CPU
		{B17FBF0E-8568-4182-8A53-8E89B3CB194A}.Release|Any CPU.Build.0 = Release|Any CPU
	EndGlobalSection
	GlobalSection(SolutionProperties) = preSolution
		HideSolutionNode = FALSE
	EndGlobalSection
	GlobalSection(ExtensibilityGlobals) = postSolution
		SolutionGuid = {2B72E0E9-D712-42BE-821A-AA42245F7EBC}
	EndGlobalSection
EndGlobal
