
Microsoft Visual Studio Solution File, Format Version 12.00
# Visual Studio 15
VisualStudioVersion = 15.0.28010.2003
MinimumVisualStudioVersion = 10.0.40219.1
Project("{FAE04EC0-301F-11D3-BF4B-00C04F79EFBC}") = "ShippingQuote", "ShippingQuote\ShippingQuote.csproj", "{0043B3B8-0087-4593-BDA6-B57E6732C7FC}"
EndProject
Global
	GlobalSection(SolutionConfigurationPlatforms) = preSolution
		Debug|Any CPU = Debug|Any CPU
		Release|Any CPU = Release|Any CPU
	EndGlobalSection
	GlobalSection(ProjectConfigurationPlatforms) = postSolution
		{0043B3B8-0087-4593-BDA6-B57E6732C7FC}.Debug|Any CPU.ActiveCfg = Debug|Any CPU
		{0043B3B8-0087-4593-BDA6-B57E6732C7FC}.Debug|Any CPU.Build.0 = Debug|Any CPU
		{0043B3B8-0087-4593-BDA6-B57E6732C7FC}.Release|Any CPU.ActiveCfg = Release|Any CPU
		{0043B3B8-0087-4593-BDA6-B57E6732C7FC}.Release|Any CPU.Build.0 = Release|Any CPU
	EndGlobalSection
	GlobalSection(SolutionProperties) = preSolution
		HideSolutionNode = FALSE
	EndGlobalSection
	GlobalSection(ExtensibilityGlobals) = postSolution
		SolutionGuid = {C2289434-7814-4513-AD56-7C264A608392}
	EndGlobalSection
EndGlobal
